# This file was autogenerated by Stack.
# You should not edit this file by hand.
# For more information, please see the documentation at:
#   https://docs.haskellstack.org/en/stable/lock_files

packages:
- completed:
    hackage: hakyll-4.15.1.0@sha256:df90fdb1e7e09e90557ad23a6d402ce042f820f690595e7e73db82220edcadcf,9924
    pantry-tree:
      size: 8860
      sha256: 474bd1e22b8eb6c7ad8e397c1c6741204fff4b30ebc5d9d47576c43820d17e13
  original:
    hackage: hakyll-4.15.1.0
- completed:
    hackage: hakyll-sass-0.2.4@sha256:4d2fbd8b63f5ef15483fc6dda09e10eefd63b4f873ad38dec2a3607eb504a8ba,939
    pantry-tree:
      size: 217
      sha256: c03e74e71d010f009b8d972efc31fbd6dd25183e6d9afbec55f4b7f0d4a74b47
  original:
    hackage: hakyll-sass-0.2.4
- completed:
    hackage: hakyll-filestore-0.1.9@sha256:2fb824ffebb48a1d445d25b7842e95a2e80618f054eac894eef97875880634c3,1159
    pantry-tree:
      size: 476
      sha256: c66e1dd88fe8fae22ecafc44c312868e3849e51cf4615e8ddeb81240ab304053
  original:
    hackage: hakyll-filestore-0.1.9
- completed:
    hackage: filestore-0.6.5@sha256:82b643855e9a0a70ee7ff591b85e47e2fa5871307dcf82a343edd9d0069ecd34,3153
    pantry-tree:
      size: 927
      sha256: 7e7c5fcfaf9cb52089015f2a912247a2c0a535b943801a5eb7ff137833f969a6
  original:
    hackage: filestore-0.6.5
snapshots:
- completed:
    size: 586286
    url: https://raw.githubusercontent.com/commercialhaskell/stackage-snapshots/master/lts/18/16.yaml
    sha256: cdead65fca0323144b346c94286186f4969bf85594d649c49c7557295675d8a5
  original: lts-18.16
