# This file was autogenerated by Stack.
# You should not edit this file by hand.
# For more information, please see the documentation at:
#   https://docs.haskellstack.org/en/stable/lock_files

packages:
- completed:
    hackage: hakyll-sass-0.2.4@sha256:4d2fbd8b63f5ef15483fc6dda09e10eefd63b4f873ad38dec2a3607eb504a8ba,939
    pantry-tree:
      size: 217
      sha256: c03e74e71d010f009b8d972efc31fbd6dd25183e6d9afbec55f4b7f0d4a74b47
  original:
    hackage: hakyll-sass-0.2.4
- completed:
    hackage: hakyll-filestore-0.1.8@sha256:f587e988fc3e5eb2a1ac6e6ead755b29606cb6b02c1bb5005b4a7b02a8ec56ed,1159
    pantry-tree:
      size: 476
      sha256: ab391a02b73cbfd7a000a170379c57ca72f3317bb5c153ba35c0adf6efd653d2
  original:
    hackage: hakyll-filestore-0.1.8
- completed:
    hackage: filestore-0.6.5@sha256:82b643855e9a0a70ee7ff591b85e47e2fa5871307dcf82a343edd9d0069ecd34,3153
    pantry-tree:
      size: 927
      sha256: 7e7c5fcfaf9cb52089015f2a912247a2c0a535b943801a5eb7ff137833f969a6
  original:
    hackage: filestore-0.6.5
- completed:
    hackage: hsass-0.8.0@sha256:05fb3d435dbdf9f66a98db4e1ee57a313170a677e52ab3a5a05ced1fc42b0834,2899
    pantry-tree:
      size: 1448
      sha256: b25aeb947cb4e0b550f8a6f226d06503ef0edcb54712ad9cdd4fb2b05bf16c7c
  original:
    hackage: hsass-0.8.0
- completed:
    hackage: hlibsass-0.1.10.1@sha256:08db56c633e9a83a642d8ea57dffa93112b092d05bf8f3b07491cfee9ee0dfa5,2565
    pantry-tree:
      size: 11229
      sha256: 39b62f1f3f30c5a9e12f9c6a040d6863edb5ce81951452e649152a18145ee1bc
  original:
    hackage: hlibsass-0.1.10.1
snapshots:
- completed:
    size: 533252
    url: https://raw.githubusercontent.com/commercialhaskell/stackage-snapshots/master/lts/16/25.yaml
    sha256: 147598b98bdd95ec0409bac125a4f1bff3cd4f8d73334d283d098f66a4bcc053
  original: lts-16.25
